
Microsoft Visual Studio Solution File, Format Version 12.00
# Visual Studio Version 16
VisualStudioVersion = 16.0.29009.5
MinimumVisualStudioVersion = 10.0.40219.1
Project("{FAE04EC0-301F-11D3-BF4B-00C04F79EFBC}") = "HelpEptus", "HelpEptus\HelpEptus.csproj", "{00B788FE-7087-4487-8643-8335AF8240FC}"
EndProject
Project("{54435603-DBB4-11D2-8724-00A0C9A8B90C}") = "SetupHelp", "HelpEptus\bin\instalador\SetupHelp\SetupHelp.vdproj", "{83448A5B-0469-43A9-858D-DC1853D6D40E}"
EndProject
Global
	GlobalSection(SolutionConfigurationPlatforms) = preSolution
		Debug|Any CPU = Debug|Any CPU
		Debug|x86 = Debug|x86
		Release|Any CPU = Release|Any CPU
		Release|x86 = Release|x86
	EndGlobalSection
	GlobalSection(ProjectConfigurationPlatforms) = postSolution
		{00B788FE-7087-4487-8643-8335AF8240FC}.Debug|Any CPU.ActiveCfg = Debug|Any CPU
		{00B788FE-7087-4487-8643-8335AF8240FC}.Debug|Any CPU.Build.0 = Debug|Any CPU
		{00B788FE-7087-4487-8643-8335AF8240FC}.Debug|x86.ActiveCfg = Debug|x86
		{00B788FE-7087-4487-8643-8335AF8240FC}.Debug|x86.Build.0 = Debug|x86
		{00B788FE-7087-4487-8643-8335AF8240FC}.Release|Any CPU.ActiveCfg = Release|Any CPU
		{00B788FE-7087-4487-8643-8335AF8240FC}.Release|Any CPU.Build.0 = Release|Any CPU
		{00B788FE-7087-4487-8643-8335AF8240FC}.Release|x86.ActiveCfg = Release|x86
		{00B788FE-7087-4487-8643-8335AF8240FC}.Release|x86.Build.0 = Release|x86
		{83448A5B-0469-43A9-858D-DC1853D6D40E}.Debug|Any CPU.ActiveCfg = Debug
		{83448A5B-0469-43A9-858D-DC1853D6D40E}.Debug|x86.ActiveCfg = Debug
		{83448A5B-0469-43A9-858D-DC1853D6D40E}.Release|Any CPU.ActiveCfg = Release
		{83448A5B-0469-43A9-858D-DC1853D6D40E}.Release|x86.ActiveCfg = Release
	EndGlobalSection
	GlobalSection(SolutionProperties) = preSolution
		HideSolutionNode = FALSE
	EndGlobalSection
	GlobalSection(ExtensibilityGlobals) = postSolution
		SolutionGuid = {474598F9-F89A-457C-B4B0-AB6EBCAE6E1F}
	EndGlobalSection
EndGlobal
